
Microsoft Visual Studio Solution File, Format Version 12.00
# Visual Studio Version 16
VisualStudioVersion = 16.0.29209.152
MinimumVisualStudioVersion = 10.0.40219.1
Project("{FAE04EC0-301F-11D3-BF4B-00C04F79EFBC}") = "JsonTest", "JsonTest\JsonTest.csproj", "{A570C09E-81A6-4F4A-811C-2BBA0D7CB1A5}"
EndProject
Global
	GlobalSection(SolutionConfigurationPlatforms) = preSolution
		Debug|Any CPU = Debug|Any CPU
		Release|Any CPU = Release|Any CPU
	EndGlobalSection
	GlobalSection(ProjectConfigurationPlatforms) = postSolution
		{A570C09E-81A6-4F4A-811C-2BBA0D7CB1A5}.Debug|Any CPU.ActiveCfg = Debug|Any CPU
		{A570C09E-81A6-4F4A-811C-2BBA0D7CB1A5}.Debug|Any CPU.Build.0 = Debug|Any CPU
		{A570C09E-81A6-4F4A-811C-2BBA0D7CB1A5}.Release|Any CPU.ActiveCfg = Release|Any CPU
		{A570C09E-81A6-4F4A-811C-2BBA0D7CB1A5}.Release|Any CPU.Build.0 = Release|Any CPU
	EndGlobalSection
	GlobalSection(SolutionProperties) = preSolution
		HideSolutionNode = FALSE
	EndGlobalSection
	GlobalSection(ExtensibilityGlobals) = postSolution
		SolutionGuid = {04064D10-8DFF-4464-8453-BD4056503915}
	EndGlobalSection
EndGlobal
